
Microsoft Visual Studio Solution File, Format Version 12.00
# Visual Studio Version 16
VisualStudioVersion = 16.0.30523.141
MinimumVisualStudioVersion = 10.0.40219.1
Project("{FAE04EC0-301F-11D3-BF4B-00C04F79EFBC}") = "lab5", "CSharp -  Laboration 5\lab5.csproj", "{587A3EE7-63B2-42D4-BDB8-BD0F6529D3C0}"
EndProject
Global
	GlobalSection(SolutionConfigurationPlatforms) = preSolution
		Debug|Any CPU = Debug|Any CPU
		Release|Any CPU = Release|Any CPU
	EndGlobalSection
	GlobalSection(ProjectConfigurationPlatforms) = postSolution
		{587A3EE7-63B2-42D4-BDB8-BD0F6529D3C0}.Debug|Any CPU.ActiveCfg = Debug|Any CPU
		{587A3EE7-63B2-42D4-BDB8-BD0F6529D3C0}.Debug|Any CPU.Build.0 = Debug|Any CPU
		{587A3EE7-63B2-42D4-BDB8-BD0F6529D3C0}.Release|Any CPU.ActiveCfg = Release|Any CPU
		{587A3EE7-63B2-42D4-BDB8-BD0F6529D3C0}.Release|Any CPU.Build.0 = Release|Any CPU
	EndGlobalSection
	GlobalSection(SolutionProperties) = preSolution
		HideSolutionNode = FALSE
	EndGlobalSection
	GlobalSection(ExtensibilityGlobals) = postSolution
		SolutionGuid = {B62F047D-5EAF-4706-BA9C-AECE60B4FCB9}
	EndGlobalSection
EndGlobal
